{
  "lockfile_version": "1",
  "packages": {
    "argocd@latest": {
      "last_modified": "2025-12-31T03:27:36Z",
      "resolved": "github:NixOS/nixpkgs/f665af0cdb70ed27e1bd8f9fdfecaf451260fc55#argocd",
      "source": "devbox-search",
      "version": "3.1.9",
      "systems": {
        "aarch64-darwin": {
          "outputs": [
            {
              "name": "out",
              "path": "/nix/store/qhhdygqqj07yy3v5h792myqc6cd9s752-argocd-3.1.9",
              "default": true
            }
          ],
          "store_path": "/nix/store/qhhdygqqj07yy3v5h792myqc6cd9s752-argocd-3.1.9"
        },
        "aarch64-linux": {
          "outputs": [
            {
              "name": "out",
              "path": "/nix/store/3cf346fgkqrrdg0sibd580567zxy0zpf-argocd-3.1.9",
              "default": true
            }
          ],
          "store_path": "/nix/store/3cf346fgkqrrdg0sibd580567zxy0zpf-argocd-3.1.9"
        },
        "x86_64-darwin": {
          "outputs": [
            {
              "name": "out",
              "path": "/nix/store/ql4npp90nszifmp29mf2kngnbakxn3ji-argocd-3.1.9",
              "default": true
            }
          ],
          "store_path": "/nix/store/ql4npp90nszifmp29mf2kngnbakxn3ji-argocd-3.1.9"
        },
        "x86_64-linux": {
          "outputs": [
            {
              "name": "out",
              "path": "/nix/store/x658bldfq69sdm90fbv4fbgfhvyy5aqr-argocd-3.1.9",
              "default": true
            }
          ],
          "store_path": "/nix/store/x658bldfq69sdm90fbv4fbgfhvyy5aqr-argocd-3.1.9"
        }
      }
    },
    "github:NixOS/nixpkgs/nixpkgs-unstable": {
      "last_modified": "2026-01-19T00:39:23Z",
      "resolved": "github:NixOS/nixpkgs/bde09022887110deb780067364a0818e89258968?lastModified=1768783163"
    },
    "kubectl@latest": {
      "last_modified": "2026-01-09T13:41:53Z",
      "resolved": "github:NixOS/nixpkgs/5f02c91314c8ba4afe83b256b023756412218535#kubectl",
      "source": "devbox-search",
      "version": "1.35.0",
      "systems": {
        "aarch64-darwin": {
          "outputs": [
            {
              "name": "out",
              "path": "/nix/store/1pmn1vxfffzz5mxj3h0ijzpsynq50l5g-kubectl-1.35.0",
              "default": true
            },
            {
              "name": "man",
              "path": "/nix/store/hh6nircg2v5iickmqfyx469f69rj0kag-kubectl-1.35.0-man",
              "default": true
            },
            {
              "name": "convert",
              "path": "/nix/store/z72fbf5mxilrrlsfvdacxbw27k0gszdf-kubectl-1.35.0-convert"
            }
          ],
          "store_path": "/nix/store/1pmn1vxfffzz5mxj3h0ijzpsynq50l5g-kubectl-1.35.0"
        },
        "aarch64-linux": {
          "outputs": [
            {
              "name": "out",
              "path": "/nix/store/fj8rhz380v89c3mq3br9ipislabppj4c-kubectl-1.35.0",
              "default": true
            },
            {
              "name": "man",
              "path": "/nix/store/hawgdz85f9qq9nalyq4nbrjbjw1f3356-kubectl-1.35.0-man",
              "default": true
            },
            {
              "name": "convert",
              "path": "/nix/store/dv5kh8sv8q3kkzcw4lnbkknm2pzxv5ig-kubectl-1.35.0-convert"
            }
          ],
          "store_path": "/nix/store/fj8rhz380v89c3mq3br9ipislabppj4c-kubectl-1.35.0"
        },
        "x86_64-darwin": {
          "outputs": [
            {
              "name": "out",
              "path": "/nix/store/d3gm9hvgbdhin2jh7nd8gwrf90jlmsw7-kubectl-1.35.0",
              "default": true
            },
            {
              "name": "man",
              "path": "/nix/store/za9ay0cna5hcqqmdk0flwinkd882997n-kubectl-1.35.0-man",
              "default": true
            },
            {
              "name": "convert",
              "path": "/nix/store/5r5vrq35nbcp8wgflvwmigvr6iqx85n5-kubectl-1.35.0-convert"
            }
          ],
          "store_path": "/nix/store/d3gm9hvgbdhin2jh7nd8gwrf90jlmsw7-kubectl-1.35.0"
        },
        "x86_64-linux": {
          "outputs": [
            {
              "name": "out",
              "path": "/nix/store/bbnq3nrmlhq0yjfhw84ciscpbr6hsb3b-kubectl-1.35.0",
              "default": true
            },
            {
              "name": "man",
              "path": "/nix/store/mnm7km6ik2x0pfhnylfm06vgxqvc78k0-kubectl-1.35.0-man",
              "default": true
            },
            {
              "name": "convert",
              "path": "/nix/store/c88x5qq16ih9i7iv4zyx81w2zijqzmlf-kubectl-1.35.0-convert"
            }
          ],
          "store_path": "/nix/store/bbnq3nrmlhq0yjfhw84ciscpbr6hsb3b-kubectl-1.35.0"
        }
      }
    },
    "kubernetes-helm@latest": {
      "last_modified": "2025-12-31T03:27:36Z",
      "resolved": "github:NixOS/nixpkgs/f665af0cdb70ed27e1bd8f9fdfecaf451260fc55#kubernetes-helm",
      "source": "devbox-search",
      "version": "3.19.1",
      "systems": {
        "aarch64-darwin": {
          "outputs": [
            {
              "name": "out",
              "path": "/nix/store/8p5hwk87jkd26w6lmj7ma0f5qdi9i7fb-kubernetes-helm-3.19.1",
              "default": true
            }
          ],
          "store_path": "/nix/store/8p5hwk87jkd26w6lmj7ma0f5qdi9i7fb-kubernetes-helm-3.19.1"
        },
        "aarch64-linux": {
          "outputs": [
            {
              "name": "out",
              "path": "/nix/store/z773dqh5w017a1c6jhzlqcnq6ivwwjz9-kubernetes-helm-3.19.1",
              "default": true
            }
          ],
          "store_path": "/nix/store/z773dqh5w017a1c6jhzlqcnq6ivwwjz9-kubernetes-helm-3.19.1"
        },
        "x86_64-darwin": {
          "outputs": [
            {
              "name": "out",
              "path": "/nix/store/m5wzcpj7yfdkv9za53d2hv81m3zxy745-kubernetes-helm-3.19.1",
              "default": true
            }
          ],
          "store_path": "/nix/store/m5wzcpj7yfdkv9za53d2hv81m3zxy745-kubernetes-helm-3.19.1"
        },
        "x86_64-linux": {
          "outputs": [
            {
              "name": "out",
              "path": "/nix/store/rv448bzmz78z9vqvgy92428ybjp0nxzi-kubernetes-helm-3.19.1",
              "default": true
            }
          ],
          "store_path": "/nix/store/rv448bzmz78z9vqvgy92428ybjp0nxzi-kubernetes-helm-3.19.1"
        }
      }
    }
  }
}
